Microsoft Visual Studio Solution File, Format Version 12.00
# Visual Studio Version 17
VisualStudioVersion = 17.5.2.0
MinimumVisualStudioVersion = 10.0.40219.1
Project("{FAE04EC0-301F-11D3-BF4B-00C04F79EFBC}") = "WelshAppApi", "WelshAppApi.csproj", "{4A83B8E6-3A8A-2FEB-2E26-E2CB3D6C0A45}"
EndProject
Global
	GlobalSection(SolutionConfigurationPlatforms) = preSolution
		Debug|Any CPU = Debug|Any CPU
		Release|Any CPU = Release|Any CPU
	EndGlobalSection
	GlobalSection(ProjectConfigurationPlatforms) = postSolution
		{4A83B8E6-3A8A-2FEB-2E26-E2CB3D6C0A45}.Debug|Any CPU.ActiveCfg = Debug|Any CPU
		{4A83B8E6-3A8A-2FEB-2E26-E2CB3D6C0A45}.Debug|Any CPU.Build.0 = Debug|Any CPU
		{4A83B8E6-3A8A-2FEB-2E26-E2CB3D6C0A45}.Release|Any CPU.ActiveCfg = Release|Any CPU
		{4A83B8E6-3A8A-2FEB-2E26-E2CB3D6C0A45}.Release|Any CPU.Build.0 = Release|Any CPU
	EndGlobalSection
	GlobalSection(SolutionProperties) = preSolution
		HideSolutionNode = FALSE
	EndGlobalSection
	GlobalSection(ExtensibilityGlobals) = postSolution
		SolutionGuid = {0DD4217D-85F5-4B6E-A23F-4E8091BDE80F}
	EndGlobalSection
EndGlobal
